
Microsoft Visual Studio Solution File, Format Version 12.00
# Visual Studio Version 16
VisualStudioVersion = 16.0.29911.84
MinimumVisualStudioVersion = 10.0.40219.1
Project("{FAE04EC0-301F-11D3-BF4B-00C04F79EFBC}") = "azure-adf-event-hub", "azure-adf-event-hub.csproj", "{D10B935A-4E39-40D6-9637-2C0F66872CA7}"
EndProject
Global
	GlobalSection(SolutionConfigurationPlatforms) = preSolution
		Debug|Any CPU = Debug|Any CPU
		Release|Any CPU = Release|Any CPU
	EndGlobalSection
	GlobalSection(ProjectConfigurationPlatforms) = postSolution
		{D10B935A-4E39-40D6-9637-2C0F66872CA7}.Debug|Any CPU.ActiveCfg = Debug|Any CPU
		{D10B935A-4E39-40D6-9637-2C0F66872CA7}.Debug|Any CPU.Build.0 = Debug|Any CPU
		{D10B935A-4E39-40D6-9637-2C0F66872CA7}.Release|Any CPU.ActiveCfg = Release|Any CPU
		{D10B935A-4E39-40D6-9637-2C0F66872CA7}.Release|Any CPU.Build.0 = Release|Any CPU
	EndGlobalSection
	GlobalSection(SolutionProperties) = preSolution
		HideSolutionNode = FALSE
	EndGlobalSection
	GlobalSection(ExtensibilityGlobals) = postSolution
		SolutionGuid = {A2675BA3-91A6-47BC-9B6B-1E8255755ED6}
	EndGlobalSection
EndGlobal
